
Microsoft Visual Studio Solution File, Format Version 12.00
# Visual Studio 2013
VisualStudioVersion = 12.0.31101.0
MinimumVisualStudioVersion = 10.0.40219.1
Project("{FAE04EC0-301F-11D3-BF4B-00C04F79EFBC}") = "01.SquareRoot", "SquareRoot\01.SquareRoot.csproj", "{A04CFF11-B3C3-46AB-BB8F-451797C0F2C0}"
EndProject
Project("{FAE04EC0-301F-11D3-BF4B-00C04F79EFBC}") = "02.EnterNumbers", "EnterNumbers\02.EnterNumbers.csproj", "{E68A0A2E-FF1E-4F48-970F-CB1F9AD82492}"
EndProject
Project("{FAE04EC0-301F-11D3-BF4B-00C04F79EFBC}") = "03.ReadFileContents", "ReadFileContents\03.ReadFileContents.csproj", "{1D8AA77F-4472-47F3-86A9-291888CDA9E6}"
EndProject
Project("{FAE04EC0-301F-11D3-BF4B-00C04F79EFBC}") = "04.DownloadFile", "DownloadFile\04.DownloadFile.csproj", "{C318B696-F94A-44D3-94B7-AA61EAE74ED1}"
EndProject
Global
	GlobalSection(SolutionConfigurationPlatforms) = preSolution
		Debug|Any CPU = Debug|Any CPU
		Release|Any CPU = Release|Any CPU
	EndGlobalSection
	GlobalSection(ProjectConfigurationPlatforms) = postSolution
		{A04CFF11-B3C3-46AB-BB8F-451797C0F2C0}.Debug|Any CPU.ActiveCfg = Debug|Any CPU
		{A04CFF11-B3C3-46AB-BB8F-451797C0F2C0}.Debug|Any CPU.Build.0 = Debug|Any CPU
		{A04CFF11-B3C3-46AB-BB8F-451797C0F2C0}.Release|Any CPU.ActiveCfg = Release|Any CPU
		{A04CFF11-B3C3-46AB-BB8F-451797C0F2C0}.Release|Any CPU.Build.0 = Release|Any CPU
		{E68A0A2E-FF1E-4F48-970F-CB1F9AD82492}.Debug|Any CPU.ActiveCfg = Debug|Any CPU
		{E68A0A2E-FF1E-4F48-970F-CB1F9AD82492}.Debug|Any CPU.Build.0 = Debug|Any CPU
		{E68A0A2E-FF1E-4F48-970F-CB1F9AD82492}.Release|Any CPU.ActiveCfg = Release|Any CPU
		{E68A0A2E-FF1E-4F48-970F-CB1F9AD82492}.Release|Any CPU.Build.0 = Release|Any CPU
		{1D8AA77F-4472-47F3-86A9-291888CDA9E6}.Debug|Any CPU.ActiveCfg = Debug|Any CPU
		{1D8AA77F-4472-47F3-86A9-291888CDA9E6}.Debug|Any CPU.Build.0 = Debug|Any CPU
		{1D8AA77F-4472-47F3-86A9-291888CDA9E6}.Release|Any CPU.ActiveCfg = Release|Any CPU
		{1D8AA77F-4472-47F3-86A9-291888CDA9E6}.Release|Any CPU.Build.0 = Release|Any CPU
		{C318B696-F94A-44D3-94B7-AA61EAE74ED1}.Debug|Any CPU.ActiveCfg = Debug|Any CPU
		{C318B696-F94A-44D3-94B7-AA61EAE74ED1}.Debug|Any CPU.Build.0 = Debug|Any CPU
		{C318B696-F94A-44D3-94B7-AA61EAE74ED1}.Release|Any CPU.ActiveCfg = Release|Any CPU
		{C318B696-F94A-44D3-94B7-AA61EAE74ED1}.Release|Any CPU.Build.0 = Release|Any CPU
	EndGlobalSection
	GlobalSection(SolutionProperties) = preSolution
		HideSolutionNode = FALSE
	EndGlobalSection
EndGlobal
